
Microsoft Visual Studio Solution File, Format Version 12.00
# Visual Studio Version 17
VisualStudioVersion = 17.10.35013.160
MinimumVisualStudioVersion = 10.0.40219.1
Project("{FAE04EC0-301F-11D3-BF4B-00C04F79EFBC}") = "MahmoudIbrahim_sun&wed_5pm_C#12", "MahmoudIbrahim_sun&wed_5pm_C#12\MahmoudIbrahim_sun&wed_5pm_C#12.csproj", "{CBC571C6-B4DA-4B01-9236-66CE51DD5837}"
EndProject
Global
	GlobalSection(SolutionConfigurationPlatforms) = preSolution
		Debug|Any CPU = Debug|Any CPU
		Release|Any CPU = Release|Any CPU
	EndGlobalSection
	GlobalSection(ProjectConfigurationPlatforms) = postSolution
		{CBC571C6-B4DA-4B01-9236-66CE51DD5837}.Debug|Any CPU.ActiveCfg = Debug|Any CPU
		{CBC571C6-B4DA-4B01-9236-66CE51DD5837}.Debug|Any CPU.Build.0 = Debug|Any CPU
		{CBC571C6-B4DA-4B01-9236-66CE51DD5837}.Release|Any CPU.ActiveCfg = Release|Any CPU
		{CBC571C6-B4DA-4B01-9236-66CE51DD5837}.Release|Any CPU.Build.0 = Release|Any CPU
	EndGlobalSection
	GlobalSection(SolutionProperties) = preSolution
		HideSolutionNode = FALSE
	EndGlobalSection
	GlobalSection(ExtensibilityGlobals) = postSolution
		SolutionGuid = {0888EEAB-8570-48AC-858F-1F4D1950ED14}
	EndGlobalSection
EndGlobal
